// !$*UTF8*$!
{
	archiveVersion = 1;
	classes = {
	};
	objectVersion = 55;
	objects = {

/* Begin PBXBuildFile section */
		DE1200002884FE3400F57742 /* SettingTableViewController.swift in Sources */ = {isa = PBXBuildFile; fileRef = DE12FFFF2884FE3400F57742 /* SettingTableViewController.swift */; };
		DE1200042885341B00F57742 /* Setting.storyboard in Resources */ = {isa = PBXBuildFile; fileRef = DE1200032885341B00F57742 /* Setting.storyboard */; };
		DE12FFEA2884EC4300F57742 /* AppDelegate.swift in Sources */ = {isa = PBXBuildFile; fileRef = DE12FFE92884EC4300F57742 /* AppDelegate.swift */; };
		DE12FFEC2884EC4300F57742 /* SceneDelegate.swift in Sources */ = {isa = PBXBuildFile; fileRef = DE12FFEB2884EC4300F57742 /* SceneDelegate.swift */; };
		DE12FFEE2884EC4300F57742 /* ViewController.swift in Sources */ = {isa = PBXBuildFile; fileRef = DE12FFED2884EC4300F57742 /* ViewController.swift */; };
		DE12FFF12884EC4300F57742 /* Main.storyboard in Resources */ = {isa = PBXBuildFile; fileRef = DE12FFEF2884EC4300F57742 /* Main.storyboard */; };
		DE12FFF32884EC4800F57742 /* Assets.xcassets in Resources */ = {isa = PBXBuildFile; fileRef = DE12FFF22884EC4800F57742 /* Assets.xcassets */; };
		DE12FFF62884EC4800F57742 /* LaunchScreen.storyboard in Resources */ = {isa = PBXBuildFile; fileRef = DE12FFF42884EC4800F57742 /* LaunchScreen.storyboard */; };
		DE12FFFE2884F10E00F57742 /* Home.storyboard in Resources */ = {isa = PBXBuildFile; fileRef = DE12FFFD2884F10E00F57742 /* Home.storyboard */; };
		DEBC9E4C28856F3F0081690D /* Setting2TableViewController.swift in Sources */ = {isa = PBXBuildFile; fileRef = DEBC9E4B28856F3F0081690D /* Setting2TableViewController.swift */; };
		DEBC9E4E2886400C0081690D /* Search.storyboard in Resources */ = {isa = PBXBuildFile; fileRef = DEBC9E4D2886400C0081690D /* Search.storyboard */; };
		DEBC9E50288640410081690D /* Trend.storyboard in Resources */ = {isa = PBXBuildFile; fileRef = DEBC9E4F288640410081690D /* Trend.storyboard */; };
		DEBC9E52288640740081690D /* Intro.storyboard in Resources */ = {isa = PBXBuildFile; fileRef = DEBC9E51288640740081690D /* Intro.storyboard */; };
		DEBC9E54288643FA0081690D /* TrendViewController.swift in Sources */ = {isa = PBXBuildFile; fileRef = DEBC9E53288643FA0081690D /* TrendViewController.swift */; };
		DEBC9E562886440D0081690D /* SearchViewController.swift in Sources */ = {isa = PBXBuildFile; fileRef = DEBC9E552886440D0081690D /* SearchViewController.swift */; };
		DEBC9E58288645230081690D /* UIViewController+Extension.swift in Sources */ = {isa = PBXBuildFile; fileRef = DEBC9E57288645230081690D /* UIViewController+Extension.swift */; };
		DEBC9E5A288647850081690D /* UITextField+Extension.swift in Sources */ = {isa = PBXBuildFile; fileRef = DEBC9E59288647850081690D /* UITextField+Extension.swift */; };
		DEBC9E5C28864BC50081690D /* BucketListTableViewController.swift in Sources */ = {isa = PBXBuildFile; fileRef = DEBC9E5B28864BC50081690D /* BucketListTableViewController.swift */; };
		DEBC9E5E28864D980081690D /* BucketListTableViewCell.swift in Sources */ = {isa = PBXBuildFile; fileRef = DEBC9E5D28864D980081690D /* BucketListTableViewCell.swift */; };
		DEBC9E60288690140081690D /* Shopping.storyboard in Resources */ = {isa = PBXBuildFile; fileRef = DEBC9E5F288690140081690D /* Shopping.storyboard */; };
		DEBC9E6228869E9F0081690D /* ShoppingTableViewController.swift in Sources */ = {isa = PBXBuildFile; fileRef = DEBC9E6128869E9F0081690D /* ShoppingTableViewController.swift */; };
		DEBC9E6428869ECA0081690D /* ShoppingTableViewCell.swift in Sources */ = {isa = PBXBuildFile; fileRef = DEBC9E6328869ECA0081690D /* ShoppingTableViewCell.swift */; };
		DEBC9E662886B81B0081690D /* Search2TableViewController.swift in Sources */ = {isa = PBXBuildFile; fileRef = DEBC9E652886B81B0081690D /* Search2TableViewController.swift */; };
		DEBC9E682886B8CF0081690D /* Search2TableViewCell.swift in Sources */ = {isa = PBXBuildFile; fileRef = DEBC9E672886B8CF0081690D /* Search2TableViewCell.swift */; };
		DEBC9E6A28878CA30081690D /* Movie.swift in Sources */ = {isa = PBXBuildFile; fileRef = DEBC9E6928878CA30081690D /* Movie.swift */; };
		DEBC9E6C288795360081690D /* MovieInfo.swift in Sources */ = {isa = PBXBuildFile; fileRef = DEBC9E6B288795360081690D /* MovieInfo.swift */; };
/* End PBXBuildFile section */

/* Begin PBXFileReference section */
		DE1200032885341B00F57742 /* Setting.storyboard */ = {isa = PBXFileReference; lastKnownFileType = file.storyboard; path = Setting.storyboard; sourceTree = "<group>"; };
		DE12FFE62884EC4300F57742 /* SeSAC3TrendMedia.app */ = {isa = PBXFileReference; explicitFileType = wrapper.application; includeInIndex = 0; path = SeSAC3TrendMedia.app; sourceTree = BUILT_PRODUCTS_DIR; };
		DE12FFE92884EC4300F57742 /* AppDelegate.swift */ = {isa = PBXFileReference; lastKnownFileType = sourcecode.swift; path = AppDelegate.swift; sourceTree = "<group>"; };
		DE12FFEB2884EC4300F57742 /* SceneDelegate.swift */ = {isa = PBXFileReference; lastKnownFileType = sourcecode.swift; path = SceneDelegate.swift; sourceTree = "<group>"; };
		DE12FFED2884EC4300F57742 /* ViewController.swift */ = {isa = PBXFileReference; lastKnownFileType = sourcecode.swift; path = ViewController.swift; sourceTree = "<group>"; };
		DE12FFF02884EC4300F57742 /* Base */ = {isa = PBXFileReference; lastKnownFileType = file.storyboard; name = Base; path = Base.lproj/Main.storyboard; sourceTree = "<group>"; };
		DE12FFF22884EC4800F57742 /* Assets.xcassets */ = {isa = PBXFileReference; lastKnownFileType = folder.assetcatalog; path = Assets.xcassets; sourceTree = "<group>"; };
		DE12FFF52884EC4800F57742 /* Base */ = {isa = PBXFileReference; lastKnownFileType = file.storyboard; name = Base; path = Base.lproj/LaunchScreen.storyboard; sourceTree = "<group>"; };
		DE12FFF72884EC4800F57742 /* Info.plist */ = {isa = PBXFileReference; lastKnownFileType = text.plist.xml; path = Info.plist; sourceTree = "<group>"; };
		DE12FFFD2884F10E00F57742 /* Home.storyboard */ = {isa = PBXFileReference; lastKnownFileType = file.storyboard; path = Home.storyboard; sourceTree = "<group>"; };
		DE12FFFF2884FE3400F57742 /* SettingTableViewController.swift */ = {isa = PBXFileReference; lastKnownFileType = sourcecode.swift; path = SettingTableViewController.swift; sourceTree = "<group>"; };
		DEBC9E4B28856F3F0081690D /* Setting2TableViewController.swift */ = {isa = PBXFileReference; lastKnownFileType = sourcecode.swift; path = Setting2TableViewController.swift; sourceTree = "<group>"; };
		DEBC9E4D2886400C0081690D /* Search.storyboard */ = {isa = PBXFileReference; lastKnownFileType = file.storyboard; path = Search.storyboard; sourceTree = "<group>"; };
		DEBC9E4F288640410081690D /* Trend.storyboard */ = {isa = PBXFileReference; lastKnownFileType = file.storyboard; path = Trend.storyboard; sourceTree = "<group>"; };
		DEBC9E51288640740081690D /* Intro.storyboard */ = {isa = PBXFileReference; lastKnownFileType = file.storyboard; path = Intro.storyboard; sourceTree = "<group>"; };
		DEBC9E53288643FA0081690D /* TrendViewController.swift */ = {isa = PBXFileReference; lastKnownFileType = sourcecode.swift; path = TrendViewController.swift; sourceTree = "<group>"; };
		DEBC9E552886440D0081690D /* SearchViewController.swift */ = {isa = PBXFileReference; lastKnownFileType = sourcecode.swift; path = SearchViewController.swift; sourceTree = "<group>"; };
		DEBC9E57288645230081690D /* UIViewController+Extension.swift */ = {isa = PBXFileReference; lastKnownFileType = sourcecode.swift; path = "UIViewController+Extension.swift"; sourceTree = "<group>"; };
		DEBC9E59288647850081690D /* UITextField+Extension.swift */ = {isa = PBXFileReference; lastKnownFileType = sourcecode.swift; path = "UITextField+Extension.swift"; sourceTree = "<group>"; };
		DEBC9E5B28864BC50081690D /* BucketListTableViewController.swift */ = {isa = PBXFileReference; lastKnownFileType = sourcecode.swift; path = BucketListTableViewController.swift; sourceTree = "<group>"; };
		DEBC9E5D28864D980081690D /* BucketListTableViewCell.swift */ = {isa = PBXFileReference; lastKnownFileType = sourcecode.swift; path = BucketListTableViewCell.swift; sourceTree = "<group>"; };
		DEBC9E5F288690140081690D /* Shopping.storyboard */ = {isa = PBXFileReference; lastKnownFileType = file.storyboard; path = Shopping.storyboard; sourceTree = "<group>"; };
		DEBC9E6128869E9F0081690D /* ShoppingTableViewController.swift */ = {isa = PBXFileReference; lastKnownFileType = sourcecode.swift; path = ShoppingTableViewController.swift; sourceTree = "<group>"; };
		DEBC9E6328869ECA0081690D /* ShoppingTableViewCell.swift */ = {isa = PBXFileReference; lastKnownFileType = sourcecode.swift; path = ShoppingTableViewCell.swift; sourceTree = "<group>"; };
		DEBC9E652886B81B0081690D /* Search2TableViewController.swift */ = {isa = PBXFileReference; lastKnownFileType = sourcecode.swift; path = Search2TableViewController.swift; sourceTree = "<group>"; };
		DEBC9E672886B8CF0081690D /* Search2TableViewCell.swift */ = {isa = PBXFileReference; lastKnownFileType = sourcecode.swift; path = Search2TableViewCell.swift; sourceTree = "<group>"; };
		DEBC9E6928878CA30081690D /* Movie.swift */ = {isa = PBXFileReference; lastKnownFileType = sourcecode.swift; path = Movie.swift; sourceTree = "<group>"; };
		DEBC9E6B288795360081690D /* MovieInfo.swift */ = {isa = PBXFileReference; fileEncoding = 4; lastKnownFileType = sourcecode.swift; path = MovieInfo.swift; sourceTree = "<group>"; };
/* End PBXFileReference section */

/* Begin PBXFrameworksBuildPhase section */
		DE12FFE32884EC4300F57742 /* Frameworks */ = {
			isa = PBXFrameworksBuildPhase;
			buildActionMask = 2147483647;
			files = (
			);
			runOnlyForDeploymentPostprocessing = 0;
		};
/* End PBXFrameworksBuildPhase section */

/* Begin PBXGroup section */
		DE12FFDD2884EC4300F57742 = {
			isa = PBXGroup;
			children = (
				DE12FFE82884EC4300F57742 /* SeSAC3TrendMedia */,
				DE12FFE72884EC4300F57742 /* Products */,
			);
			sourceTree = "<group>";
		};
		DE12FFE72884EC4300F57742 /* Products */ = {
			isa = PBXGroup;
			children = (
				DE12FFE62884EC4300F57742 /* SeSAC3TrendMedia.app */,
			);
			name = Products;
			sourceTree = "<group>";
		};
		DE12FFE82884EC4300F57742 /* SeSAC3TrendMedia */ = {
			isa = PBXGroup;
			children = (
				DE12FFE92884EC4300F57742 /* AppDelegate.swift */,
				DE12FFEB2884EC4300F57742 /* SceneDelegate.swift */,
				DE12FFED2884EC4300F57742 /* ViewController.swift */,
				DE12FFEF2884EC4300F57742 /* Main.storyboard */,
				DE12FFFD2884F10E00F57742 /* Home.storyboard */,
				DE1200032885341B00F57742 /* Setting.storyboard */,
				DEBC9E4B28856F3F0081690D /* Setting2TableViewController.swift */,
				DE12FFFF2884FE3400F57742 /* SettingTableViewController.swift */,
				DEBC9E4D2886400C0081690D /* Search.storyboard */,
				DEBC9E672886B8CF0081690D /* Search2TableViewCell.swift */,
				DEBC9E652886B81B0081690D /* Search2TableViewController.swift */,
				DEBC9E6928878CA30081690D /* Movie.swift */,
				DEBC9E6B288795360081690D /* MovieInfo.swift */,
				DEBC9E552886440D0081690D /* SearchViewController.swift */,
				DEBC9E4F288640410081690D /* Trend.storyboard */,
				DEBC9E5B28864BC50081690D /* BucketListTableViewController.swift */,
				DEBC9E5D28864D980081690D /* BucketListTableViewCell.swift */,
				DEBC9E53288643FA0081690D /* TrendViewController.swift */,
				DEBC9E51288640740081690D /* Intro.storyboard */,
				DEBC9E57288645230081690D /* UIViewController+Extension.swift */,
				DEBC9E59288647850081690D /* UITextField+Extension.swift */,
				DEBC9E5F288690140081690D /* Shopping.storyboard */,
				DEBC9E6128869E9F0081690D /* ShoppingTableViewController.swift */,
				DEBC9E6328869ECA0081690D /* ShoppingTableViewCell.swift */,
				DE12FFF22884EC4800F57742 /* Assets.xcassets */,
				DE12FFF42884EC4800F57742 /* LaunchScreen.storyboard */,
				DE12FFF72884EC4800F57742 /* Info.plist */,
			);
			path = SeSAC3TrendMedia;
			sourceTree = "<group>";
		};
/* End PBXGroup section */

/* Begin PBXNativeTarget section */
		DE12FFE52884EC4300F57742 /* SeSAC3TrendMedia */ = {
			isa = PBXNativeTarget;
			buildConfigurationList = DE12FFFA2884EC4800F57742 /* Build configuration list for PBXNativeTarget "SeSAC3TrendMedia" */;
			buildPhases = (
				DE12FFE22884EC4300F57742 /* Sources */,
				DE12FFE32884EC4300F57742 /* Frameworks */,
				DE12FFE42884EC4300F57742 /* Resources */,
			);
			buildRules = (
			);
			dependencies = (
			);
			name = SeSAC3TrendMedia;
			productName = SeSAC3TrendMedia;
			productReference = DE12FFE62884EC4300F57742 /* SeSAC3TrendMedia.app */;
			productType = "com.apple.product-type.application";
		};
/* End PBXNativeTarget section */

/* Begin PBXProject section */
		DE12FFDE2884EC4300F57742 /* Project object */ = {
			isa = PBXProject;
			attributes = {
				BuildIndependentTargetsInParallel = 1;
				LastSwiftUpdateCheck = 1330;
				LastUpgradeCheck = 1330;
				TargetAttributes = {
					DE12FFE52884EC4300F57742 = {
						CreatedOnToolsVersion = 13.3.1;
					};
				};
			};
			buildConfigurationList = DE12FFE12884EC4300F57742 /* Build configuration list for PBXProject "SeSAC3TrendMedia" */;
			compatibilityVersion = "Xcode 13.0";
			developmentRegion = en;
			hasScannedForEncodings = 0;
			knownRegions = (
				en,
				Base,
			);
			mainGroup = DE12FFDD2884EC4300F57742;
			productRefGroup = DE12FFE72884EC4300F57742 /* Products */;
			projectDirPath = "";
			projectRoot = "";
			targets = (
				DE12FFE52884EC4300F57742 /* SeSAC3TrendMedia */,
			);
		};
/* End PBXProject section */

/* Begin PBXResourcesBuildPhase section */
		DE12FFE42884EC4300F57742 /* Resources */ = {
			isa = PBXResourcesBuildPhase;
			buildActionMask = 2147483647;
			files = (
				DEBC9E50288640410081690D /* Trend.storyboard in Resources */,
				DE12FFF62884EC4800F57742 /* LaunchScreen.storyboard in Resources */,
				DE12FFF32884EC4800F57742 /* Assets.xcassets in Resources */,
				DEBC9E52288640740081690D /* Intro.storyboard in Resources */,
				DE1200042885341B00F57742 /* Setting.storyboard in Resources */,
				DE12FFF12884EC4300F57742 /* Main.storyboard in Resources */,
				DEBC9E60288690140081690D /* Shopping.storyboard in Resources */,
				DEBC9E4E2886400C0081690D /* Search.storyboard in Resources */,
				DE12FFFE2884F10E00F57742 /* Home.storyboard in Resources */,
			);
			runOnlyForDeploymentPostprocessing = 0;
		};
/* End PBXResourcesBuildPhase section */

/* Begin PBXSourcesBuildPhase section */
		DE12FFE22884EC4300F57742 /* Sources */ = {
			isa = PBXSourcesBuildPhase;
			buildActionMask = 2147483647;
			files = (
				DEBC9E6C288795360081690D /* MovieInfo.swift in Sources */,
				DEBC9E5A288647850081690D /* UITextField+Extension.swift in Sources */,
				DEBC9E6428869ECA0081690D /* ShoppingTableViewCell.swift in Sources */,
				DEBC9E6228869E9F0081690D /* ShoppingTableViewController.swift in Sources */,
				DEBC9E5E28864D980081690D /* BucketListTableViewCell.swift in Sources */,
				DEBC9E5C28864BC50081690D /* BucketListTableViewController.swift in Sources */,
				DEBC9E58288645230081690D /* UIViewController+Extension.swift in Sources */,
				DEBC9E6A28878CA30081690D /* Movie.swift in Sources */,
				DEBC9E662886B81B0081690D /* Search2TableViewController.swift in Sources */,
				DEBC9E4C28856F3F0081690D /* Setting2TableViewController.swift in Sources */,
				DEBC9E562886440D0081690D /* SearchViewController.swift in Sources */,
				DE1200002884FE3400F57742 /* SettingTableViewController.swift in Sources */,
				DE12FFEE2884EC4300F57742 /* ViewController.swift in Sources */,
				DE12FFEA2884EC4300F57742 /* AppDelegate.swift in Sources */,
				DEBC9E54288643FA0081690D /* TrendViewController.swift in Sources */,
				DE12FFEC2884EC4300F57742 /* SceneDelegate.swift in Sources */,
				DEBC9E682886B8CF0081690D /* Search2TableViewCell.swift in Sources */,
			);
			runOnlyForDeploymentPostprocessing = 0;
		};
/* End PBXSourcesBuildPhase section */

/* Begin PBXVariantGroup section */
		DE12FFEF2884EC4300F57742 /* Main.storyboard */ = {
			isa = PBXVariantGroup;
			children = (
				DE12FFF02884EC4300F57742 /* Base */,
			);
			name = Main.storyboard;
			sourceTree = "<group>";
		};
		DE12FFF42884EC4800F57742 /* LaunchScreen.storyboard */ = {
			isa = PBXVariantGroup;
			children = (
				DE12FFF52884EC4800F57742 /* Base */,
			);
			name = LaunchScreen.storyboard;
			sourceTree = "<group>";
		};
/* End PBXVariantGroup section */

/* Begin XCBuildConfiguration section */
		DE12FFF82884EC4800F57742 /* Debug */ = {
			isa = XCBuildConfiguration;
			buildSettings = {
				ALWAYS_SEARCH_USER_PATHS = NO;
				CLANG_ANALYZER_NONNULL = YES;
				CLANG_ANALYZER_NUMBER_OBJECT_CONVERSION = YES_AGGRESSIVE;
				CLANG_CXX_LANGUAGE_STANDARD = "gnu++17";
				CLANG_ENABLE_MODULES = YES;
				CLANG_ENABLE_OBJC_ARC = YES;
				CLANG_ENABLE_OBJC_WEAK = YES;
				CLANG_WARN_BLOCK_CAPTURE_AUTORELEASING = YES;
				CLANG_WARN_BOOL_CONVERSION = YES;
				CLANG_WARN_COMMA = YES;
				CLANG_WARN_CONSTANT_CONVERSION = YES;
				CLANG_WARN_DEPRECATED_OBJC_IMPLEMENTATIONS = YES;
				CLANG_WARN_DIRECT_OBJC_ISA_USAGE = YES_ERROR;
				CLANG_WARN_DOCUMENTATION_COMMENTS = YES;
				CLANG_WARN_EMPTY_BODY = YES;
				CLANG_WARN_ENUM_CONVERSION = YES;
				CLANG_WARN_INFINITE_RECURSION = YES;
				CLANG_WARN_INT_CONVERSION = YES;
				CLANG_WARN_NON_LITERAL_NULL_CONVERSION = YES;
				CLANG_WARN_OBJC_IMPLICIT_RETAIN_SELF = YES;
				CLANG_WARN_OBJC_LITERAL_CONVERSION = YES;
				CLANG_WARN_OBJC_ROOT_CLASS = YES_ERROR;
				CLANG_WARN_QUOTED_INCLUDE_IN_FRAMEWORK_HEADER = YES;
				CLANG_WARN_RANGE_LOOP_ANALYSIS = YES;
				CLANG_WARN_STRICT_PROTOTYPES = YES;
				CLANG_WARN_SUSPICIOUS_MOVE = YES;
				CLANG_WARN_UNGUARDED_AVAILABILITY = YES_AGGRESSIVE;
				CLANG_WARN_UNREACHABLE_CODE = YES;
				CLANG_WARN__DUPLICATE_METHOD_MATCH = YES;
				COPY_PHASE_STRIP = NO;
				DEBUG_INFORMATION_FORMAT = dwarf;
				ENABLE_STRICT_OBJC_MSGSEND = YES;
				ENABLE_TESTABILITY = YES;
				GCC_C_LANGUAGE_STANDARD = gnu11;
				GCC_DYNAMIC_NO_PIC = NO;
				GCC_NO_COMMON_BLOCKS = YES;
				GCC_OPTIMIZATION_LEVEL = 0;
				GCC_PREPROCESSOR_DEFINITIONS = (
					"DEBUG=1",
					"$(inherited)",
				);
				GCC_WARN_64_TO_32_BIT_CONVERSION = YES;
				GCC_WARN_ABOUT_RETURN_TYPE = YES_ERROR;
				GCC_WARN_UNDECLARED_SELECTOR = YES;
				GCC_WARN_UNINITIALIZED_AUTOS = YES_AGGRESSIVE;
				GCC_WARN_UNUSED_FUNCTION = YES;
				GCC_WARN_UNUSED_VARIABLE = YES;
				IPHONEOS_DEPLOYMENT_TARGET = 15.4;
				MTL_ENABLE_DEBUG_INFO = INCLUDE_SOURCE;
				MTL_FAST_MATH = YES;
				ONLY_ACTIVE_ARCH = YES;
				SDKROOT = iphoneos;
				SWIFT_ACTIVE_COMPILATION_CONDITIONS = DEBUG;
				SWIFT_OPTIMIZATION_LEVEL = "-Onone";
			};
			name = Debug;
		};
		DE12FFF92884EC4800F57742 /* Release */ = {
			isa = XCBuildConfiguration;
			buildSettings = {
				ALWAYS_SEARCH_USER_PATHS = NO;
				CLANG_ANALYZER_NONNULL = YES;
				CLANG_ANALYZER_NUMBER_OBJECT_CONVERSION = YES_AGGRESSIVE;
				CLANG_CXX_LANGUAGE_STANDARD = "gnu++17";
				CLANG_ENABLE_MODULES = YES;
				CLANG_ENABLE_OBJC_ARC = YES;
				CLANG_ENABLE_OBJC_WEAK = YES;
				CLANG_WARN_BLOCK_CAPTURE_AUTORELEASING = YES;
				CLANG_WARN_BOOL_CONVERSION = YES;
				CLANG_WARN_COMMA = YES;
				CLANG_WARN_CONSTANT_CONVERSION = YES;
				CLANG_WARN_DEPRECATED_OBJC_IMPLEMENTATIONS = YES;
				CLANG_WARN_DIRECT_OBJC_ISA_USAGE = YES_ERROR;
				CLANG_WARN_DOCUMENTATION_COMMENTS = YES;
				CLANG_WARN_EMPTY_BODY = YES;
				CLANG_WARN_ENUM_CONVERSION = YES;
				CLANG_WARN_INFINITE_RECURSION = YES;
				CLANG_WARN_INT_CONVERSION = YES;
				CLANG_WARN_NON_LITERAL_NULL_CONVERSION = YES;
				CLANG_WARN_OBJC_IMPLICIT_RETAIN_SELF = YES;
				CLANG_WARN_OBJC_LITERAL_CONVERSION = YES;
				CLANG_WARN_OBJC_ROOT_CLASS = YES_ERROR;
				CLANG_WARN_QUOTED_INCLUDE_IN_FRAMEWORK_HEADER = YES;
				CLANG_WARN_RANGE_LOOP_ANALYSIS = YES;
				CLANG_WARN_STRICT_PROTOTYPES = YES;
				CLANG_WARN_SUSPICIOUS_MOVE = YES;
				CLANG_WARN_UNGUARDED_AVAILABILITY = YES_AGGRESSIVE;
				CLANG_WARN_UNREACHABLE_CODE = YES;
				CLANG_WARN__DUPLICATE_METHOD_MATCH = YES;
				COPY_PHASE_STRIP = NO;
				DEBUG_INFORMATION_FORMAT = "dwarf-with-dsym";
				ENABLE_NS_ASSERTIONS = NO;
				ENABLE_STRICT_OBJC_MSGSEND = YES;
				GCC_C_LANGUAGE_STANDARD = gnu11;
				GCC_NO_COMMON_BLOCKS = YES;
				GCC_WARN_64_TO_32_BIT_CONVERSION = YES;
				GCC_WARN_ABOUT_RETURN_TYPE = YES_ERROR;
				GCC_WARN_UNDECLARED_SELECTOR = YES;
				GCC_WARN_UNINITIALIZED_AUTOS = YES_AGGRESSIVE;
				GCC_WARN_UNUSED_FUNCTION = YES;
				GCC_WARN_UNUSED_VARIABLE = YES;
				IPHONEOS_DEPLOYMENT_TARGET = 15.4;
				MTL_ENABLE_DEBUG_INFO = NO;
				MTL_FAST_MATH = YES;
				SDKROOT = iphoneos;
				SWIFT_COMPILATION_MODE = wholemodule;
				SWIFT_OPTIMIZATION_LEVEL = "-O";
				VALIDATE_PRODUCT = YES;
			};
			name = Release;
		};
		DE12FFFB2884EC4800F57742 /* Debug */ = {
			isa = XCBuildConfiguration;
			buildSettings = {
				ASSETCATALOG_COMPILER_APPICON_NAME = AppIcon;
				ASSETCATALOG_COMPILER_GLOBAL_ACCENT_COLOR_NAME = AccentColor;
				CODE_SIGN_STYLE = Automatic;
				CURRENT_PROJECT_VERSION = 1;
				GENERATE_INFOPLIST_FILE = YES;
				INFOPLIST_FILE = SeSAC3TrendMedia/Info.plist;
				INFOPLIST_KEY_UIApplicationSupportsIndirectInputEvents = YES;
				INFOPLIST_KEY_UILaunchStoryboardName = LaunchScreen;
				INFOPLIST_KEY_UIMainStoryboardFile = Home;
				INFOPLIST_KEY_UISupportedInterfaceOrientations_iPad = "UIInterfaceOrientationPortrait UIInterfaceOrientationPortraitUpsideDown UIInterfaceOrientationLandscapeLeft UIInterfaceOrientationLandscapeRight";
				INFOPLIST_KEY_UISupportedInterfaceOrientations_iPhone = "UIInterfaceOrientationPortrait UIInterfaceOrientationLandscapeLeft UIInterfaceOrientationLandscapeRight";
				LD_RUNPATH_SEARCH_PATHS = (
					"$(inherited)",
					"@executable_path/Frameworks",
				);
				MARKETING_VERSION = 1.0;
				PRODUCT_BUNDLE_IDENTIFIER = com.sesac.SeSAC3TrendMedia;
				PRODUCT_NAME = "$(TARGET_NAME)";
				SWIFT_EMIT_LOC_STRINGS = YES;
				SWIFT_VERSION = 5.0;
				TARGETED_DEVICE_FAMILY = "1,2";
			};
			name = Debug;
		};
		DE12FFFC2884EC4800F57742 /* Release */ = {
			isa = XCBuildConfiguration;
			buildSettings = {
				ASSETCATALOG_COMPILER_APPICON_NAME = AppIcon;
				ASSETCATALOG_COMPILER_GLOBAL_ACCENT_COLOR_NAME = AccentColor;
				CODE_SIGN_STYLE = Automatic;
				CURRENT_PROJECT_VERSION = 1;
				GENERATE_INFOPLIST_FILE = YES;
				INFOPLIST_FILE = SeSAC3TrendMedia/Info.plist;
				INFOPLIST_KEY_UIApplicationSupportsIndirectInputEvents = YES;
				INFOPLIST_KEY_UILaunchStoryboardName = LaunchScreen;
				INFOPLIST_KEY_UIMainStoryboardFile = Home;
				INFOPLIST_KEY_UISupportedInterfaceOrientations_iPad = "UIInterfaceOrientationPortrait UIInterfaceOrientationPortraitUpsideDown UIInterfaceOrientationLandscapeLeft UIInterfaceOrientationLandscapeRight";
				INFOPLIST_KEY_UISupportedInterfaceOrientations_iPhone = "UIInterfaceOrientationPortrait UIInterfaceOrientationLandscapeLeft UIInterfaceOrientationLandscapeRight";
				LD_RUNPATH_SEARCH_PATHS = (
					"$(inherited)",
					"@executable_path/Frameworks",
				);
				MARKETING_VERSION = 1.0;
				PRODUCT_BUNDLE_IDENTIFIER = com.sesac.SeSAC3TrendMedia;
				PRODUCT_NAME = "$(TARGET_NAME)";
				SWIFT_EMIT_LOC_STRINGS = YES;
				SWIFT_VERSION = 5.0;
				TARGETED_DEVICE_FAMILY = "1,2";
			};
			name = Release;
		};
/* End XCBuildConfiguration section */

/* Begin XCConfigurationList section */
		DE12FFE12884EC4300F57742 /* Build configuration list for PBXProject "SeSAC3TrendMedia" */ = {
			isa = XCConfigurationList;
			buildConfigurations = (
				DE12FFF82884EC4800F57742 /* Debug */,
				DE12FFF92884EC4800F57742 /* Release */,
			);
			defaultConfigurationIsVisible = 0;
			defaultConfigurationName = Release;
		};
		DE12FFFA2884EC4800F57742 /* Build configuration list for PBXNativeTarget "SeSAC3TrendMedia" */ = {
			isa = XCConfigurationList;
			buildConfigurations = (
				DE12FFFB2884EC4800F57742 /* Debug */,
				DE12FFFC2884EC4800F57742 /* Release */,
			);
			defaultConfigurationIsVisible = 0;
			defaultConfigurationName = Release;
		};
/* End XCConfigurationList section */
	};
	rootObject = DE12FFDE2884EC4300F57742 /* Project object */;
}
